{
  "name": "@tuan149002/sunt-nobis-blanditiis",
  "version": "1.0.0",
  "lockfileVersion": 3,
  "requires": true,
  "packages": {
    "": {
      "name": "@tuan149002/sunt-nobis-blanditiis",
      "version": "1.0.0",
      "license": "MIT",
      "dependencies": {
        "@tuan149002/assumenda-nemo-eveniet": "^1.0.0",
        "@tuan149002/dolor-iste-perspiciatis": "^1.0.0",
        "@tuan149002/dolores-ea-numquam": "^1.0.0",
        "@tuan149002/eos-odit-distinctio": "^1.0.0",
        "@tuan149002/excepturi-ex-sed": "^1.0.0",
        "@tuan149002/expedita-nisi-ipsum": "^1.0.0",
        "@tuan149002/id-cum-ullam": "^1.0.0",
        "@tuan149002/ipsum-praesentium-doloribus": "^1.0.0",
        "@tuan149002/ipsum-rerum-culpa": "^1.0.0",
        "@tuan149002/itaque-voluptate-unde": "^1.0.0",
        "@tuan149002/magni-dolor-quos": "^1.0.0",
        "@tuan149002/maxime-repellendus-ullam": "^1.0.0",
        "@tuan149002/nam-deserunt-distinctio": "^1.0.0",
        "@tuan149002/natus-occaecati-vel": "^1.0.0",
        "@tuan149002/nulla-exercitationem-perspiciatis": "^1.0.0",
        "@tuan149002/omnis-dolore-quas": "^1.0.0",
        "@tuan149002/omnis-quidem-rerum": "^1.0.0",
        "@tuan149002/optio-eos-maiores": "^1.0.0",
        "@tuan149002/rem-maiores-ut": "^1.0.0",
        "@tuan149002/reprehenderit-possimus-esse": "^1.0.0",
        "@tuan149002/tempora-pariatur-nisi": "^1.0.0"
      }
    },
    "node_modules/@tuan149002/assumenda-nemo-eveniet": {
      "version": "1.0.0",
      "resolved": "https://registry.npmjs.org/@tuan149002/assumenda-nemo-eveniet/-/assumenda-nemo-eveniet-1.0.0.tgz",
      "integrity": "sha512-WR6Xn0kbiP7pOm8ab7ArwODnzPKHSiWlpNgiauNkbU7O2+Y9YWPigkZbddkJ7VbKtRPrKyJOry2vQ9HKYW9x+Q==",
      "dependencies": {
        "@tuan149002/dolor-iste-perspiciatis": "^1.0.0",
        "@tuan149002/eos-odit-distinctio": "^1.0.0",
        "@tuan149002/excepturi-ex-sed": "^1.0.0",
        "@tuan149002/expedita-nisi-ipsum": "^1.0.0",
        "@tuan149002/id-cum-ullam": "^1.0.0",
        "@tuan149002/ipsum-rerum-culpa": "^1.0.0",
        "@tuan149002/itaque-voluptate-unde": "^1.0.0",
        "@tuan149002/magni-dolor-quos": "^1.0.0",
        "@tuan149002/maxime-repellendus-ullam": "^1.0.0",
        "@tuan149002/nam-deserunt-distinctio": "^1.0.0",
        "@tuan149002/natus-occaecati-vel": "^1.0.0",
        "@tuan149002/nulla-exercitationem-perspiciatis": "^1.0.0",
        "@tuan149002/omnis-dolore-quas": "^1.0.0",
        "@tuan149002/omnis-quidem-rerum": "^1.0.0",
        "@tuan149002/optio-eos-maiores": "^1.0.0",
        "@tuan149002/reprehenderit-possimus-esse": "^1.0.0",
        "@tuan149002/tempora-pariatur-nisi": "^1.0.0"
      }
    },
    "node_modules/@tuan149002/dolor-iste-perspiciatis": {
      "version": "1.0.0",
      "resolved": "https://registry.npmjs.org/@tuan149002/dolor-iste-perspiciatis/-/dolor-iste-perspiciatis-1.0.0.tgz",
      "integrity": "sha512-FNnB1j6VqGVuZez9G/A9hV9HVJ//fA2cPQHkQNJYfpOhVFj2rsiKGGbf00833MqkJ+qUk4ssr74GVeRYHn5HfA==",
      "dependencies": {
        "@tuan149002/eos-odit-distinctio": "^1.0.0",
        "@tuan149002/excepturi-ex-sed": "^1.0.0",
        "@tuan149002/expedita-nisi-ipsum": "^1.0.0",
        "@tuan149002/id-cum-ullam": "^1.0.0",
        "@tuan149002/magni-dolor-quos": "^1.0.0",
        "@tuan149002/maxime-repellendus-ullam": "^1.0.0",
        "@tuan149002/nam-deserunt-distinctio": "^1.0.0",
        "@tuan149002/natus-occaecati-vel": "^1.0.0",
        "@tuan149002/reprehenderit-possimus-esse": "^1.0.0"
      }
    },
    "node_modules/@tuan149002/dolores-ea-numquam": {
      "version": "1.0.0",
      "resolved": "https://registry.npmjs.org/@tuan149002/dolores-ea-numquam/-/dolores-ea-numquam-1.0.0.tgz",
      "integrity": "sha512-StXd1TT7jtVuFvamMtv/+7ANY9JNGVQR+JqBUn1pCnP6XxIXv3ljhzZ72bYXoX7WBX+XWJQmgA4t2ZAD3cnXzQ==",
      "dependencies": {
        "@tuan149002/assumenda-nemo-eveniet": "^1.0.0",
        "@tuan149002/dolor-iste-perspiciatis": "^1.0.0",
        "@tuan149002/eos-odit-distinctio": "^1.0.0",
        "@tuan149002/excepturi-ex-sed": "^1.0.0",
        "@tuan149002/expedita-nisi-ipsum": "^1.0.0",
        "@tuan149002/id-cum-ullam": "^1.0.0",
        "@tuan149002/ipsum-rerum-culpa": "^1.0.0",
        "@tuan149002/itaque-voluptate-unde": "^1.0.0",
        "@tuan149002/magni-dolor-quos": "^1.0.0",
        "@tuan149002/maxime-repellendus-ullam": "^1.0.0",
        "@tuan149002/nam-deserunt-distinctio": "^1.0.0",
        "@tuan149002/natus-occaecati-vel": "^1.0.0",
        "@tuan149002/nulla-exercitationem-perspiciatis": "^1.0.0",
        "@tuan149002/omnis-dolore-quas": "^1.0.0",
        "@tuan149002/omnis-quidem-rerum": "^1.0.0",
        "@tuan149002/optio-eos-maiores": "^1.0.0",
        "@tuan149002/reprehenderit-possimus-esse": "^1.0.0",
        "@tuan149002/tempora-pariatur-nisi": "^1.0.0"
      }
    },
    "node_modules/@tuan149002/eos-odit-distinctio": {
      "version": "1.0.0",
      "resolved": "https://registry.npmjs.org/@tuan149002/eos-odit-distinctio/-/eos-odit-distinctio-1.0.0.tgz",
      "integrity": "sha512-cDJNUel56EIr04fc8IH56w5sUNDZu7IILNMzxk8gXzc/Ewf86BeHim/0uexYcLSZ0PHPOA+gKHPcEw67GpVOBA==",
      "dependencies": {
        "@tuan149002/excepturi-ex-sed": "^1.0.0",
        "@tuan149002/expedita-nisi-ipsum": "^1.0.0",
        "@tuan149002/natus-occaecati-vel": "^1.0.0",
        "@tuan149002/reprehenderit-possimus-esse": "^1.0.0"
      }
    },
    "node_modules/@tuan149002/excepturi-ex-sed": {
      "version": "1.0.0",
      "resolved": "https://registry.npmjs.org/@tuan149002/excepturi-ex-sed/-/excepturi-ex-sed-1.0.0.tgz",
      "integrity": "sha512-4QFcrDcYwV5Z8wU7ywdRI2MiixUQYx8EjmTa3aR83kiIv+9Wv9cSDEYfyjnwIhrpNoHaseM1QJ/wrMZh9X1/yg==",
      "dependencies": {
        "@tuan149002/expedita-nisi-ipsum": "^1.0.0",
        "@tuan149002/reprehenderit-possimus-esse": "^1.0.0"
      }
    },
    "node_modules/@tuan149002/expedita-nisi-ipsum": {
      "version": "1.0.0",
      "resolved": "https://registry.npmjs.org/@tuan149002/expedita-nisi-ipsum/-/expedita-nisi-ipsum-1.0.0.tgz",
      "integrity": "sha512-CL/4FOJjD5mHOq5+RXlcMv5n4TmklPI/vAAvVhQo1RCIh8TGj2bsqYwsR5LoYlsQL7jSwgJc5iaG2jY6qqYJrQ==",
      "dependencies": {
        "@tuan149002/reprehenderit-possimus-esse": "^1.0.0"
      }
    },
    "node_modules/@tuan149002/id-cum-ullam": {
      "version": "1.0.0",
      "resolved": "https://registry.npmjs.org/@tuan149002/id-cum-ullam/-/id-cum-ullam-1.0.0.tgz",
      "integrity": "sha512-MNCpMwlEpRrEof41ibQ7oRWIyYxqkShIBDUJXTwTLsArwykuWQ3bdcxnd/fVJxGYpJ0O4s9xcdUsRj/Fez2gMA==",
      "dependencies": {
        "@tuan149002/eos-odit-distinctio": "^1.0.0",
        "@tuan149002/excepturi-ex-sed": "^1.0.0",
        "@tuan149002/expedita-nisi-ipsum": "^1.0.0",
        "@tuan149002/maxime-repellendus-ullam": "^1.0.0",
        "@tuan149002/natus-occaecati-vel": "^1.0.0",
        "@tuan149002/reprehenderit-possimus-esse": "^1.0.0"
      }
    },
    "node_modules/@tuan149002/ipsum-praesentium-doloribus": {
      "version": "1.0.0",
      "resolved": "https://registry.npmjs.org/@tuan149002/ipsum-praesentium-doloribus/-/ipsum-praesentium-doloribus-1.0.0.tgz",
      "integrity": "sha512-3U5/9phpBTbRTjX8PSjRAEda6sjqZZwcrLjkf5iJmvA7UWbX76ojFBIo7p1+RDpBiKcduLBWEFsfkdvkUK/DLg==",
      "dependencies": {
        "@tuan149002/assumenda-nemo-eveniet": "^1.0.0",
        "@tuan149002/dolor-iste-perspiciatis": "^1.0.0",
        "@tuan149002/dolores-ea-numquam": "^1.0.0",
        "@tuan149002/eos-odit-distinctio": "^1.0.0",
        "@tuan149002/excepturi-ex-sed": "^1.0.0",
        "@tuan149002/expedita-nisi-ipsum": "^1.0.0",
        "@tuan149002/id-cum-ullam": "^1.0.0",
        "@tuan149002/ipsum-rerum-culpa": "^1.0.0",
        "@tuan149002/itaque-voluptate-unde": "^1.0.0",
        "@tuan149002/magni-dolor-quos": "^1.0.0",
        "@tuan149002/maxime-repellendus-ullam": "^1.0.0",
        "@tuan149002/nam-deserunt-distinctio": "^1.0.0",
        "@tuan149002/natus-occaecati-vel": "^1.0.0",
        "@tuan149002/nulla-exercitationem-perspiciatis": "^1.0.0",
        "@tuan149002/omnis-dolore-quas": "^1.0.0",
        "@tuan149002/omnis-quidem-rerum": "^1.0.0",
        "@tuan149002/optio-eos-maiores": "^1.0.0",
        "@tuan149002/rem-maiores-ut": "^1.0.0",
        "@tuan149002/reprehenderit-possimus-esse": "^1.0.0",
        "@tuan149002/tempora-pariatur-nisi": "^1.0.0"
      }
    },
    "node_modules/@tuan149002/ipsum-rerum-culpa": {
      "version": "1.0.0",
      "resolved": "https://registry.npmjs.org/@tuan149002/ipsum-rerum-culpa/-/ipsum-rerum-culpa-1.0.0.tgz",
      "integrity": "sha512-6OE9m2IKyonP8gdYr13hARo9MDqIcJHPQg8ZyAo3PvTBt1Q66O5bK13J4fns09pjwW4MdevxokQyFROLzTS5Ng==",
      "dependencies": {
        "@tuan149002/dolor-iste-perspiciatis": "^1.0.0",
        "@tuan149002/eos-odit-distinctio": "^1.0.0",
        "@tuan149002/excepturi-ex-sed": "^1.0.0",
        "@tuan149002/expedita-nisi-ipsum": "^1.0.0",
        "@tuan149002/id-cum-ullam": "^1.0.0",
        "@tuan149002/itaque-voluptate-unde": "^1.0.0",
        "@tuan149002/magni-dolor-quos": "^1.0.0",
        "@tuan149002/maxime-repellendus-ullam": "^1.0.0",
        "@tuan149002/nam-deserunt-distinctio": "^1.0.0",
        "@tuan149002/natus-occaecati-vel": "^1.0.0",
        "@tuan149002/nulla-exercitationem-perspiciatis": "^1.0.0",
        "@tuan149002/omnis-dolore-quas": "^1.0.0",
        "@tuan149002/omnis-quidem-rerum": "^1.0.0",
        "@tuan149002/optio-eos-maiores": "^1.0.0",
        "@tuan149002/reprehenderit-possimus-esse": "^1.0.0",
        "@tuan149002/tempora-pariatur-nisi": "^1.0.0"
      }
    },
    "node_modules/@tuan149002/itaque-voluptate-unde": {
      "version": "1.0.0",
      "resolved": "https://registry.npmjs.org/@tuan149002/itaque-voluptate-unde/-/itaque-voluptate-unde-1.0.0.tgz",
      "integrity": "sha512-lVEBXWFFvNJXL8LWVySJNpviwlvTUawNH99ZGad3GTRfaZP9/twRw9hbtnarldHLhrzC6bSH7cZ/B0UHwiq/9A==",
      "dependencies": {
        "@tuan149002/dolor-iste-perspiciatis": "^1.0.0",
        "@tuan149002/eos-odit-distinctio": "^1.0.0",
        "@tuan149002/excepturi-ex-sed": "^1.0.0",
        "@tuan149002/expedita-nisi-ipsum": "^1.0.0",
        "@tuan149002/id-cum-ullam": "^1.0.0",
        "@tuan149002/magni-dolor-quos": "^1.0.0",
        "@tuan149002/maxime-repellendus-ullam": "^1.0.0",
        "@tuan149002/nam-deserunt-distinctio": "^1.0.0",
        "@tuan149002/natus-occaecati-vel": "^1.0.0",
        "@tuan149002/nulla-exercitationem-perspiciatis": "^1.0.0",
        "@tuan149002/omnis-dolore-quas": "^1.0.0",
        "@tuan149002/omnis-quidem-rerum": "^1.0.0",
        "@tuan149002/reprehenderit-possimus-esse": "^1.0.0",
        "@tuan149002/tempora-pariatur-nisi": "^1.0.0"
      }
    },
    "node_modules/@tuan149002/magni-dolor-quos": {
      "version": "1.0.0",
      "resolved": "https://registry.npmjs.org/@tuan149002/magni-dolor-quos/-/magni-dolor-quos-1.0.0.tgz",
      "integrity": "sha512-FEn6nOBcqv7U2SqYYHfhwFBssVlxcNS7FSpZZ3xMMocfhMPSDEMh2MFAIkvlWssnd+7p6ghmIe8CraYaoBDJQQ==",
      "dependencies": {
        "@tuan149002/eos-odit-distinctio": "^1.0.0",
        "@tuan149002/excepturi-ex-sed": "^1.0.0",
        "@tuan149002/expedita-nisi-ipsum": "^1.0.0",
        "@tuan149002/id-cum-ullam": "^1.0.0",
        "@tuan149002/maxime-repellendus-ullam": "^1.0.0",
        "@tuan149002/nam-deserunt-distinctio": "^1.0.0",
        "@tuan149002/natus-occaecati-vel": "^1.0.0",
        "@tuan149002/reprehenderit-possimus-esse": "^1.0.0"
      }
    },
    "node_modules/@tuan149002/maxime-repellendus-ullam": {
      "version": "1.0.0",
      "resolved": "https://registry.npmjs.org/@tuan149002/maxime-repellendus-ullam/-/maxime-repellendus-ullam-1.0.0.tgz",
      "integrity": "sha512-wsgJNay+wZ1VQYcdfGcoF4L/pbiwwRym+NUN/Eln+Q1Kj9EGAuztORzOwbTfzj1eYfj41X4b4bkl8Lmsm1PwZw==",
      "dependencies": {
        "@tuan149002/eos-odit-distinctio": "^1.0.0",
        "@tuan149002/excepturi-ex-sed": "^1.0.0",
        "@tuan149002/expedita-nisi-ipsum": "^1.0.0",
        "@tuan149002/natus-occaecati-vel": "^1.0.0",
        "@tuan149002/reprehenderit-possimus-esse": "^1.0.0"
      }
    },
    "node_modules/@tuan149002/nam-deserunt-distinctio": {
      "version": "1.0.0",
      "resolved": "https://registry.npmjs.org/@tuan149002/nam-deserunt-distinctio/-/nam-deserunt-distinctio-1.0.0.tgz",
      "integrity": "sha512-kx5ot1BhZQyOIUBHTAgeotzRME5aSeh0JVmlMRjlVCRfFDguU2A3fbS1lHUlWJx2Rcae1hW8PrDqol7W5MQXYQ==",
      "dependencies": {
        "@tuan149002/eos-odit-distinctio": "^1.0.0",
        "@tuan149002/excepturi-ex-sed": "^1.0.0",
        "@tuan149002/expedita-nisi-ipsum": "^1.0.0",
        "@tuan149002/id-cum-ullam": "^1.0.0",
        "@tuan149002/maxime-repellendus-ullam": "^1.0.0",
        "@tuan149002/natus-occaecati-vel": "^1.0.0",
        "@tuan149002/reprehenderit-possimus-esse": "^1.0.0"
      }
    },
    "node_modules/@tuan149002/natus-occaecati-vel": {
      "version": "1.0.0",
      "resolved": "https://registry.npmjs.org/@tuan149002/natus-occaecati-vel/-/natus-occaecati-vel-1.0.0.tgz",
      "integrity": "sha512-hYNiz/vYQ3Ud1CiLoa+UmreI9JmAGvcJAh+Cf0wfNMTCR30AfY9KXW8PgCCu+L+uTobtFexmp1f4Vzor7tGKDg==",
      "dependencies": {
        "@tuan149002/excepturi-ex-sed": "^1.0.0",
        "@tuan149002/expedita-nisi-ipsum": "^1.0.0",
        "@tuan149002/reprehenderit-possimus-esse": "^1.0.0"
      }
    },
    "node_modules/@tuan149002/nulla-exercitationem-perspiciatis": {
      "version": "1.0.0",
      "resolved": "https://registry.npmjs.org/@tuan149002/nulla-exercitationem-perspiciatis/-/nulla-exercitationem-perspiciatis-1.0.0.tgz",
      "integrity": "sha512-Mq+1Rm6piqPoUMeAZvxZP5SvI2D6EAWnUxQYJdYVj4r2vgkEfm+RsP7EKw7jxcFz8FEGYDyUBmKHwPqGYXLShA==",
      "dependencies": {
        "@tuan149002/dolor-iste-perspiciatis": "^1.0.0",
        "@tuan149002/eos-odit-distinctio": "^1.0.0",
        "@tuan149002/excepturi-ex-sed": "^1.0.0",
        "@tuan149002/expedita-nisi-ipsum": "^1.0.0",
        "@tuan149002/id-cum-ullam": "^1.0.0",
        "@tuan149002/magni-dolor-quos": "^1.0.0",
        "@tuan149002/maxime-repellendus-ullam": "^1.0.0",
        "@tuan149002/nam-deserunt-distinctio": "^1.0.0",
        "@tuan149002/natus-occaecati-vel": "^1.0.0",
        "@tuan149002/reprehenderit-possimus-esse": "^1.0.0",
        "@tuan149002/tempora-pariatur-nisi": "^1.0.0"
      }
    },
    "node_modules/@tuan149002/omnis-dolore-quas": {
      "version": "1.0.0",
      "resolved": "https://registry.npmjs.org/@tuan149002/omnis-dolore-quas/-/omnis-dolore-quas-1.0.0.tgz",
      "integrity": "sha512-X25+P6jFqZek41o5KViBcey43dnLNWkrxLYr9epCSa6Sbe5VBbfB4HM8oEtDOF+ajPh+pk43/MQqcyPYgMDQsw==",
      "dependencies": {
        "@tuan149002/dolor-iste-perspiciatis": "^1.0.0",
        "@tuan149002/eos-odit-distinctio": "^1.0.0",
        "@tuan149002/excepturi-ex-sed": "^1.0.0",
        "@tuan149002/expedita-nisi-ipsum": "^1.0.0",
        "@tuan149002/id-cum-ullam": "^1.0.0",
        "@tuan149002/magni-dolor-quos": "^1.0.0",
        "@tuan149002/maxime-repellendus-ullam": "^1.0.0",
        "@tuan149002/nam-deserunt-distinctio": "^1.0.0",
        "@tuan149002/natus-occaecati-vel": "^1.0.0",
        "@tuan149002/nulla-exercitationem-perspiciatis": "^1.0.0",
        "@tuan149002/omnis-quidem-rerum": "^1.0.0",
        "@tuan149002/reprehenderit-possimus-esse": "^1.0.0",
        "@tuan149002/tempora-pariatur-nisi": "^1.0.0"
      }
    },
    "node_modules/@tuan149002/omnis-quidem-rerum": {
      "version": "1.0.0",
      "resolved": "https://registry.npmjs.org/@tuan149002/omnis-quidem-rerum/-/omnis-quidem-rerum-1.0.0.tgz",
      "integrity": "sha512-Lg6xJpE+wMzvaMD2JhH4K0zbDodlgPp8tH3AG/nxnwlgaPdt2Wxm4P4tgDSsFcGD/rU2cyYL104qKLFXX7jmPg==",
      "dependencies": {
        "@tuan149002/dolor-iste-perspiciatis": "^1.0.0",
        "@tuan149002/eos-odit-distinctio": "^1.0.0",
        "@tuan149002/excepturi-ex-sed": "^1.0.0",
        "@tuan149002/expedita-nisi-ipsum": "^1.0.0",
        "@tuan149002/id-cum-ullam": "^1.0.0",
        "@tuan149002/magni-dolor-quos": "^1.0.0",
        "@tuan149002/maxime-repellendus-ullam": "^1.0.0",
        "@tuan149002/nam-deserunt-distinctio": "^1.0.0",
        "@tuan149002/natus-occaecati-vel": "^1.0.0",
        "@tuan149002/nulla-exercitationem-perspiciatis": "^1.0.0",
        "@tuan149002/reprehenderit-possimus-esse": "^1.0.0",
        "@tuan149002/tempora-pariatur-nisi": "^1.0.0"
      }
    },
    "node_modules/@tuan149002/optio-eos-maiores": {
      "version": "1.0.0",
      "resolved": "https://registry.npmjs.org/@tuan149002/optio-eos-maiores/-/optio-eos-maiores-1.0.0.tgz",
      "integrity": "sha512-sk+tmh6IlpkuDzAxuPDeaKBLPFVcX2EqQJNmV7d0CDfPj7mp4WI6yqd1+TjTKJFqanq57nzeEbo/gKtV5xh/eA==",
      "dependencies": {
        "@tuan149002/dolor-iste-perspiciatis": "^1.0.0",
        "@tuan149002/eos-odit-distinctio": "^1.0.0",
        "@tuan149002/excepturi-ex-sed": "^1.0.0",
        "@tuan149002/expedita-nisi-ipsum": "^1.0.0",
        "@tuan149002/id-cum-ullam": "^1.0.0",
        "@tuan149002/itaque-voluptate-unde": "^1.0.0",
        "@tuan149002/magni-dolor-quos": "^1.0.0",
        "@tuan149002/maxime-repellendus-ullam": "^1.0.0",
        "@tuan149002/nam-deserunt-distinctio": "^1.0.0",
        "@tuan149002/natus-occaecati-vel": "^1.0.0",
        "@tuan149002/nulla-exercitationem-perspiciatis": "^1.0.0",
        "@tuan149002/omnis-dolore-quas": "^1.0.0",
        "@tuan149002/omnis-quidem-rerum": "^1.0.0",
        "@tuan149002/reprehenderit-possimus-esse": "^1.0.0",
        "@tuan149002/tempora-pariatur-nisi": "^1.0.0"
      }
    },
    "node_modules/@tuan149002/rem-maiores-ut": {
      "version": "1.0.0",
      "resolved": "https://registry.npmjs.org/@tuan149002/rem-maiores-ut/-/rem-maiores-ut-1.0.0.tgz",
      "integrity": "sha512-VF65JsPEvXF7eE2tH4bQrj4sSpLuwVSxHXME1u0jmHOZkBpsNlH6NBXrw9w33hs38hN39CrTmLUJatnue99eSA==",
      "dependencies": {
        "@tuan149002/assumenda-nemo-eveniet": "^1.0.0",
        "@tuan149002/dolor-iste-perspiciatis": "^1.0.0",
        "@tuan149002/dolores-ea-numquam": "^1.0.0",
        "@tuan149002/eos-odit-distinctio": "^1.0.0",
        "@tuan149002/excepturi-ex-sed": "^1.0.0",
        "@tuan149002/expedita-nisi-ipsum": "^1.0.0",
        "@tuan149002/id-cum-ullam": "^1.0.0",
        "@tuan149002/ipsum-rerum-culpa": "^1.0.0",
        "@tuan149002/itaque-voluptate-unde": "^1.0.0",
        "@tuan149002/magni-dolor-quos": "^1.0.0",
        "@tuan149002/maxime-repellendus-ullam": "^1.0.0",
        "@tuan149002/nam-deserunt-distinctio": "^1.0.0",
        "@tuan149002/natus-occaecati-vel": "^1.0.0",
        "@tuan149002/nulla-exercitationem-perspiciatis": "^1.0.0",
        "@tuan149002/omnis-dolore-quas": "^1.0.0",
        "@tuan149002/omnis-quidem-rerum": "^1.0.0",
        "@tuan149002/optio-eos-maiores": "^1.0.0",
        "@tuan149002/reprehenderit-possimus-esse": "^1.0.0",
        "@tuan149002/tempora-pariatur-nisi": "^1.0.0"
      }
    },
    "node_modules/@tuan149002/reprehenderit-possimus-esse": {
      "version": "1.0.0",
      "resolved": "https://registry.npmjs.org/@tuan149002/reprehenderit-possimus-esse/-/reprehenderit-possimus-esse-1.0.0.tgz",
      "integrity": "sha512-RMedM0ZlUKl2wYS13ULIDWR9FOh4tiowA/08PsHZrC+wn8s0djueRYo/jzTqsXhK3WGr1P4qmkC556rR9oyhEA=="
    },
    "node_modules/@tuan149002/tempora-pariatur-nisi": {
      "version": "1.0.0",
      "resolved": "https://registry.npmjs.org/@tuan149002/tempora-pariatur-nisi/-/tempora-pariatur-nisi-1.0.0.tgz",
      "integrity": "sha512-r03Vn/GfhJBjUXGq+MUFT4rAlgCThrHy6FxZvkDurMCxZoX2KPJ29L82SOt8JyhT0My9YOAH5WX3ovpQsxyHYA==",
      "dependencies": {
        "@tuan149002/dolor-iste-perspiciatis": "^1.0.0",
        "@tuan149002/eos-odit-distinctio": "^1.0.0",
        "@tuan149002/excepturi-ex-sed": "^1.0.0",
        "@tuan149002/expedita-nisi-ipsum": "^1.0.0",
        "@tuan149002/id-cum-ullam": "^1.0.0",
        "@tuan149002/magni-dolor-quos": "^1.0.0",
        "@tuan149002/maxime-repellendus-ullam": "^1.0.0",
        "@tuan149002/nam-deserunt-distinctio": "^1.0.0",
        "@tuan149002/natus-occaecati-vel": "^1.0.0",
        "@tuan149002/reprehenderit-possimus-esse": "^1.0.0"
      }
    }
  }
}
